
Microsoft Visual Studio Solution File, Format Version 12.00
# Visual Studio 15
Project("{FAE04EC0-301F-11D3-BF4B-00C04F79EFBC}") = "Ink-Libraries", "Ink-Libraries.csproj", "{DDDDBD8F-575C-38E6-B1DC-20A47BE86C16}"
EndProject
Project("{FAE04EC0-301F-11D3-BF4B-00C04F79EFBC}") = "InkEditor", "InkEditor.csproj", "{CFBF0229-1BFE-5B60-CC1C-3D0D333C5647}"
EndProject
Project("{FAE04EC0-301F-11D3-BF4B-00C04F79EFBC}") = "FMODUnityResonanceEditor", "FMODUnityResonanceEditor.csproj", "{C048E712-1810-8D27-B539-25F6DBCC0BCD}"
EndProject
Project("{FAE04EC0-301F-11D3-BF4B-00C04F79EFBC}") = "FMODUnityEditor", "FMODUnityEditor.csproj", "{88163021-3A57-E8E2-4812-AD1792D85B4C}"
EndProject
Project("{FAE04EC0-301F-11D3-BF4B-00C04F79EFBC}") = "FMODUnity", "FMODUnity.csproj", "{68BFE9E8-BC6A-2533-86CC-FF8C4261AD4C}"
EndProject
Project("{FAE04EC0-301F-11D3-BF4B-00C04F79EFBC}") = "Assembly-CSharp", "Assembly-CSharp.csproj", "{D8030847-D02F-1E46-E8F4-E9BCE4B2828A}"
EndProject
Project("{FAE04EC0-301F-11D3-BF4B-00C04F79EFBC}") = "FMODUnityResonance", "FMODUnityResonance.csproj", "{40BC471C-18FC-8613-9B85-126E45256084}"
EndProject
Project("{FAE04EC0-301F-11D3-BF4B-00C04F79EFBC}") = "Assembly-CSharp-Editor", "Assembly-CSharp-Editor.csproj", "{6B50A62E-1471-D6B0-C03D-4CBF1E7C8043}"
EndProject
Global
	GlobalSection(SolutionConfigurationPlatforms) = preSolution
		Debug|Any CPU = Debug|Any CPU
		Release|Any CPU = Release|Any CPU
	EndGlobalSection
	GlobalSection(ProjectConfigurationPlatforms) = postSolution
		{DDDDBD8F-575C-38E6-B1DC-20A47BE86C16}.Debug|Any CPU.ActiveCfg = Debug|Any CPU
		{DDDDBD8F-575C-38E6-B1DC-20A47BE86C16}.Debug|Any CPU.Build.0 = Debug|Any CPU
		{DDDDBD8F-575C-38E6-B1DC-20A47BE86C16}.Release|Any CPU.ActiveCfg = Release|Any CPU
		{DDDDBD8F-575C-38E6-B1DC-20A47BE86C16}.Release|Any CPU.Build.0 = Release|Any CPU
		{CFBF0229-1BFE-5B60-CC1C-3D0D333C5647}.Debug|Any CPU.ActiveCfg = Debug|Any CPU
		{CFBF0229-1BFE-5B60-CC1C-3D0D333C5647}.Debug|Any CPU.Build.0 = Debug|Any CPU
		{CFBF0229-1BFE-5B60-CC1C-3D0D333C5647}.Release|Any CPU.ActiveCfg = Release|Any CPU
		{CFBF0229-1BFE-5B60-CC1C-3D0D333C5647}.Release|Any CPU.Build.0 = Release|Any CPU
		{C048E712-1810-8D27-B539-25F6DBCC0BCD}.Debug|Any CPU.ActiveCfg = Debug|Any CPU
		{C048E712-1810-8D27-B539-25F6DBCC0BCD}.Debug|Any CPU.Build.0 = Debug|Any CPU
		{C048E712-1810-8D27-B539-25F6DBCC0BCD}.Release|Any CPU.ActiveCfg = Release|Any CPU
		{C048E712-1810-8D27-B539-25F6DBCC0BCD}.Release|Any CPU.Build.0 = Release|Any CPU
		{88163021-3A57-E8E2-4812-AD1792D85B4C}.Debug|Any CPU.ActiveCfg = Debug|Any CPU
		{88163021-3A57-E8E2-4812-AD1792D85B4C}.Debug|Any CPU.Build.0 = Debug|Any CPU
		{88163021-3A57-E8E2-4812-AD1792D85B4C}.Release|Any CPU.ActiveCfg = Release|Any CPU
		{88163021-3A57-E8E2-4812-AD1792D85B4C}.Release|Any CPU.Build.0 = Release|Any CPU
		{68BFE9E8-BC6A-2533-86CC-FF8C4261AD4C}.Debug|Any CPU.ActiveCfg = Debug|Any CPU
		{68BFE9E8-BC6A-2533-86CC-FF8C4261AD4C}.Debug|Any CPU.Build.0 = Debug|Any CPU
		{68BFE9E8-BC6A-2533-86CC-FF8C4261AD4C}.Release|Any CPU.ActiveCfg = Release|Any CPU
		{68BFE9E8-BC6A-2533-86CC-FF8C4261AD4C}.Release|Any CPU.Build.0 = Release|Any CPU
		{D8030847-D02F-1E46-E8F4-E9BCE4B2828A}.Debug|Any CPU.ActiveCfg = Debug|Any CPU
		{D8030847-D02F-1E46-E8F4-E9BCE4B2828A}.Debug|Any CPU.Build.0 = Debug|Any CPU
		{D8030847-D02F-1E46-E8F4-E9BCE4B2828A}.Release|Any CPU.ActiveCfg = Release|Any CPU
		{D8030847-D02F-1E46-E8F4-E9BCE4B2828A}.Release|Any CPU.Build.0 = Release|Any CPU
		{40BC471C-18FC-8613-9B85-126E45256084}.Debug|Any CPU.ActiveCfg = Debug|Any CPU
		{40BC471C-18FC-8613-9B85-126E45256084}.Debug|Any CPU.Build.0 = Debug|Any CPU
		{40BC471C-18FC-8613-9B85-126E45256084}.Release|Any CPU.ActiveCfg = Release|Any CPU
		{40BC471C-18FC-8613-9B85-126E45256084}.Release|Any CPU.Build.0 = Release|Any CPU
		{6B50A62E-1471-D6B0-C03D-4CBF1E7C8043}.Debug|Any CPU.ActiveCfg = Debug|Any CPU
		{6B50A62E-1471-D6B0-C03D-4CBF1E7C8043}.Debug|Any CPU.Build.0 = Debug|Any CPU
		{6B50A62E-1471-D6B0-C03D-4CBF1E7C8043}.Release|Any CPU.ActiveCfg = Release|Any CPU
		{6B50A62E-1471-D6B0-C03D-4CBF1E7C8043}.Release|Any CPU.Build.0 = Release|Any CPU
	EndGlobalSection
	GlobalSection(SolutionProperties) = preSolution
		HideSolutionNode = FALSE
	EndGlobalSection
EndGlobal
